Microsoft Visual Studio Solution File, Format Version 11.00
# Visual Studio 2008

Project("{55AD5BD7-46C9-5011-147C-0B165A796F10}") = "2d platformer", "Assembly-CSharp-vs.csproj", "{900E1BDC-0A2B-8EF4-8741-87A3B13DDA1A}"
EndProject
Global
	GlobalSection(SolutionConfigurationPlatforms) = preSolution
		Debug|Any CPU = Debug|Any CPU
		Release|Any CPU = Release|Any CPU
	EndGlobalSection
	GlobalSection(ProjectConfigurationPlatforms) = postSolution
		{900E1BDC-0A2B-8EF4-8741-87A3B13DDA1A}.Debug|Any CPU.ActiveCfg = Debug|Any CPU
		{900E1BDC-0A2B-8EF4-8741-87A3B13DDA1A}.Debug|Any CPU.Build.0 = Debug|Any CPU
		{900E1BDC-0A2B-8EF4-8741-87A3B13DDA1A}.Release|Any CPU.ActiveCfg = Release|Any CPU
		{900E1BDC-0A2B-8EF4-8741-87A3B13DDA1A}.Release|Any CPU.Build.0 = Release|Any CPU
	EndGlobalSection
	GlobalSection(SolutionProperties) = preSolution
		HideSolutionNode = FALSE
	EndGlobalSection
																																																			GlobalSection(MonoDevelopProperties) = preSolution
		StartupItem = Assembly-CSharp.csproj
		Policies = $0
		$0.TextStylePolicy = $1
		$1.inheritsSet = null
		$1.scope = text/x-csharp
		$0.CSharpFormattingPolicy = $2
		$2.inheritsSet = Mono
		$2.inheritsScope = text/x-csharp
		$2.scope = text/x-csharp
		$0.TextStylePolicy = $3
		$3.FileWidth = 120
		$3.TabWidth = 4
		$3.IndentWidth = 4
		$3.EolMarker = Unix
		$3.inheritsSet = Mono
		$3.inheritsScope = text/plain
		$3.scope = text/plain
	EndGlobalSection

EndGlobal
